// !$*UTF8*$!
{
	archiveVersion = 1;
	classes = {
	};
	objectVersion = 46;
	objects = {

/* Begin PBXBuildFile section */
		217499251C34D6D500399768 /* SWRefresh.h in CopyFiles */ = {isa = PBXBuildFile; fileRef = 217499241C34D6D500399768 /* SWRefresh.h */; };
		217499271C34D6D500399768 /* SWRefresh.m in Sources */ = {isa = PBXBuildFile; fileRef = 217499261C34D6D500399768 /* SWRefresh.m */; };
/* End PBXBuildFile section */

/* Begin PBXCopyFilesBuildPhase section */
		2174991F1C34D6D500399768 /* CopyFiles */ = {
			isa = PBXCopyFilesBuildPhase;
			buildActionMask = 2147483647;
			dstPath = "include/$(PRODUCT_NAME)";
			dstSubfolderSpec = 16;
			files = (
				217499251C34D6D500399768 /* SWRefresh.h in CopyFiles */,
			);
			runOnlyForDeploymentPostprocessing = 0;
		};
/* End PBXCopyFilesBuildPhase section */

/* Begin PBXFileReference section */
		217499211C34D6D500399768 /* libSWRefresh.a */ = {isa = PBXFileReference; explicitFileType = archive.ar; includeInIndex = 0; path = libSWRefresh.a; sourceTree = BUILT_PRODUCTS_DIR; };
		217499241C34D6D500399768 /* SWRefresh.h */ = {isa = PBXFileReference; lastKnownFileType = sourcecode.c.h; path = SWRefresh.h; sourceTree = "<group>"; };
		217499261C34D6D500399768 /* SWRefresh.m */ = {isa = PBXFileReference; lastKnownFileType = sourcecode.c.objc; path = SWRefresh.m; sourceTree = "<group>"; };
/* End PBXFileReference section */

/* Begin PBXFrameworksBuildPhase section */
		2174991E1C34D6D500399768 /* Frameworks */ = {
			isa = PBXFrameworksBuildPhase;
			buildActionMask = 2147483647;
			files = (
			);
			runOnlyForDeploymentPostprocessing = 0;
		};
/* End PBXFrameworksBuildPhase section */

/* Begin PBXGroup section */
		217499181C34D6D500399768 = {
			isa = PBXGroup;
			children = (
				217499231C34D6D500399768 /* SWRefresh */,
				217499221C34D6D500399768 /* Products */,
			);
			sourceTree = "<group>";
		};
		217499221C34D6D500399768 /* Products */ = {
			isa = PBXGroup;
			children = (
				217499211C34D6D500399768 /* libSWRefresh.a */,
			);
			name = Products;
			sourceTree = "<group>";
		};
		217499231C34D6D500399768 /* SWRefresh */ = {
			isa = PBXGroup;
			children = (
				217499241C34D6D500399768 /* SWRefresh.h */,
				217499261C34D6D500399768 /* SWRefresh.m */,
			);
			path = SWRefresh;
			sourceTree = "<group>";
		};
/* End PBXGroup section */

/* Begin PBXNativeTarget section */
		217499201C34D6D500399768 /* SWRefresh */ = {
			isa = PBXNativeTarget;
			buildConfigurationList = 2174992A1C34D6D500399768 /* Build configuration list for PBXNativeTarget "SWRefresh" */;
			buildPhases = (
				2174991D1C34D6D500399768 /* Sources */,
				2174991E1C34D6D500399768 /* Frameworks */,
				2174991F1C34D6D500399768 /* CopyFiles */,
			);
			buildRules = (
			);
			dependencies = (
			);
			name = SWRefresh;
			productName = SWRefresh;
			productReference = 217499211C34D6D500399768 /* libSWRefresh.a */;
			productType = "com.apple.product-type.library.static";
		};
/* End PBXNativeTarget section */

/* Begin PBXProject section */
		217499191C34D6D500399768 /* Project object */ = {
			isa = PBXProject;
			attributes = {
				LastUpgradeCheck = 0710;
				ORGANIZATIONNAME = SW;
				TargetAttributes = {
					217499201C34D6D500399768 = {
						CreatedOnToolsVersion = 7.1.1;
					};
				};
			};
			buildConfigurationList = 2174991C1C34D6D500399768 /* Build configuration list for PBXProject "SWRefresh" */;
			compatibilityVersion = "Xcode 3.2";
			developmentRegion = English;
			hasScannedForEncodings = 0;
			knownRegions = (
				en,
			);
			mainGroup = 217499181C34D6D500399768;
			productRefGroup = 217499221C34D6D500399768 /* Products */;
			projectDirPath = "";
			projectRoot = "";
			targets = (
				217499201C34D6D500399768 /* SWRefresh */,
			);
		};
/* End PBXProject section */

/* Begin PBXSourcesBuildPhase section */
		2174991D1C34D6D500399768 /* Sources */ = {
			isa = PBXSourcesBuildPhase;
			buildActionMask = 2147483647;
			files = (
				217499271C34D6D500399768 /* SWRefresh.m in Sources */,
			);
			runOnlyForDeploymentPostprocessing = 0;
		};
/* End PBXSourcesBuildPhase section */

/* Begin XCBuildConfiguration section */
		217499281C34D6D500399768 /* Debug */ = {
			isa = XCBuildConfiguration;
			buildSettings = {
				ALWAYS_SEARCH_USER_PATHS = NO;
				CLANG_CXX_LANGUAGE_STANDARD = "gnu++0x";
				CLANG_CXX_LIBRARY = "libc++";
				CLANG_ENABLE_MODULES = YES;
				CLANG_ENABLE_OBJC_ARC = YES;
				CLANG_WARN_BOOL_CONVERSION = YES;
				CLANG_WARN_CONSTANT_CONVERSION = YES;
				CLANG_WARN_DIRECT_OBJC_ISA_USAGE = YES_ERROR;
				CLANG_WARN_EMPTY_BODY = YES;
				CLANG_WARN_ENUM_CONVERSION = YES;
				CLANG_WARN_INT_CONVERSION = YES;
				CLANG_WARN_OBJC_ROOT_CLASS = YES_ERROR;
				CLANG_WARN_UNREACHABLE_CODE = YES;
				CLANG_WARN__DUPLICATE_METHOD_MATCH = YES;
				"CODE_SIGN_IDENTITY[sdk=iphoneos*]" = "iPhone Developer";
				COPY_PHASE_STRIP = NO;
				DEBUG_INFORMATION_FORMAT = dwarf;
				ENABLE_STRICT_OBJC_MSGSEND = YES;
				ENABLE_TESTABILITY = YES;
				GCC_C_LANGUAGE_STANDARD = gnu99;
				GCC_DYNAMIC_NO_PIC = NO;
				GCC_NO_COMMON_BLOCKS = YES;
				GCC_OPTIMIZATION_LEVEL = 0;
				GCC_PREPROCESSOR_DEFINITIONS = (
					"DEBUG=1",
					"$(inherited)",
				);
				GCC_WARN_64_TO_32_BIT_CONVERSION = YES;
				GCC_WARN_ABOUT_RETURN_TYPE = YES_ERROR;
				GCC_WARN_UNDECLARED_SELECTOR = YES;
				GCC_WARN_UNINITIALIZED_AUTOS = YES_AGGRESSIVE;
				GCC_WARN_UNUSED_FUNCTION = YES;
				GCC_WARN_UNUSED_VARIABLE = YES;
				IPHONEOS_DEPLOYMENT_TARGET = 9.1;
				MTL_ENABLE_DEBUG_INFO = YES;
				ONLY_ACTIVE_ARCH = YES;
				SDKROOT = iphoneos;
			};
			name = Debug;
		};
		217499291C34D6D500399768 /* Release */ = {
			isa = XCBuildConfiguration;
			buildSettings = {
				ALWAYS_SEARCH_USER_PATHS = NO;
				CLANG_CXX_LANGUAGE_STANDARD = "gnu++0x";
				CLANG_CXX_LIBRARY = "libc++";
				CLANG_ENABLE_MODULES = YES;
				CLANG_ENABLE_OBJC_ARC = YES;
				CLANG_WARN_BOOL_CONVERSION = YES;
				CLANG_WARN_CONSTANT_CONVERSION = YES;
				CLANG_WARN_DIRECT_OBJC_ISA_USAGE = YES_ERROR;
				CLANG_WARN_EMPTY_BODY = YES;
				CLANG_WARN_ENUM_CONVERSION = YES;
				CLANG_WARN_INT_CONVERSION = YES;
				CLANG_WARN_OBJC_ROOT_CLASS = YES_ERROR;
				CLANG_WARN_UNREACHABLE_CODE = YES;
				CLANG_WARN__DUPLICATE_METHOD_MATCH = YES;
				"CODE_SIGN_IDENTITY[sdk=iphoneos*]" = "iPhone Developer";
				COPY_PHASE_STRIP = NO;
				DEBUG_INFORMATION_FORMAT = "dwarf-with-dsym";
				ENABLE_NS_ASSERTIONS = NO;
				ENABLE_STRICT_OBJC_MSGSEND = YES;
				GCC_C_LANGUAGE_STANDARD = gnu99;
				GCC_NO_COMMON_BLOCKS = YES;
				GCC_WARN_64_TO_32_BIT_CONVERSION = YES;
				GCC_WARN_ABOUT_RETURN_TYPE = YES_ERROR;
				GCC_WARN_UNDECLARED_SELECTOR = YES;
				GCC_WARN_UNINITIALIZED_AUTOS = YES_AGGRESSIVE;
				GCC_WARN_UNUSED_FUNCTION = YES;
				GCC_WARN_UNUSED_VARIABLE = YES;
				IPHONEOS_DEPLOYMENT_TARGET = 9.1;
				MTL_ENABLE_DEBUG_INFO = NO;
				SDKROOT = iphoneos;
				VALIDATE_PRODUCT = YES;
			};
			name = Release;
		};
		2174992B1C34D6D500399768 /* Debug */ = {
			isa = XCBuildConfiguration;
			buildSettings = {
				OTHER_LDFLAGS = "-ObjC";
				PRODUCT_NAME = "$(TARGET_NAME)";
				SKIP_INSTALL = YES;
			};
			name = Debug;
		};
		2174992C1C34D6D500399768 /* Release */ = {
			isa = XCBuildConfiguration;
			buildSettings = {
				OTHER_LDFLAGS = "-ObjC";
				PRODUCT_NAME = "$(TARGET_NAME)";
				SKIP_INSTALL = YES;
			};
			name = Release;
		};
/* End XCBuildConfiguration section */

/* Begin XCConfigurationList section */
		2174991C1C34D6D500399768 /* Build configuration list for PBXProject "SWRefresh" */ = {
			isa = XCConfigurationList;
			buildConfigurations = (
				217499281C34D6D500399768 /* Debug */,
				217499291C34D6D500399768 /* Release */,
			);
			defaultConfigurationIsVisible = 0;
			defaultConfigurationName = Release;
		};
		2174992A1C34D6D500399768 /* Build configuration list for PBXNativeTarget "SWRefresh" */ = {
			isa = XCConfigurationList;
			buildConfigurations = (
				2174992B1C34D6D500399768 /* Debug */,
				2174992C1C34D6D500399768 /* Release */,
			);
			defaultConfigurationIsVisible = 0;
		};
/* End XCConfigurationList section */
	};
	rootObject = 217499191C34D6D500399768 /* Project object */;
}
